
Microsoft Visual Studio Solution File, Format Version 12.00
# Visual Studio Version 17
VisualStudioVersion = 17.0.31903.59
MinimumVisualStudioVersion = 10.0.40219.1
Project("{2150E333-8FDC-42A3-9474-1A3956D46DE8}") = "Products", "Products", "{057DEA9E-3297-4336-A809-548BA0867007}"
EndProject
Project("{9A19103F-16F7-4668-BE54-9A1E7A4F7556}") = "Ecommerce.Products.Data", "Ecommerce.Products.Data\Ecommerce.Products.Data.csproj", "{CD6381FE-9E00-4749-9306-8113FB746390}"
EndProject
Project("{9A19103F-16F7-4668-BE54-9A1E7A4F7556}") = "Ecommerce.Products", "Ecommerce.Products\Ecommerce.Products.csproj", "{0ECAEE10-4E9C-47AC-BCBD-B181458A4FDC}"
EndProject
Project("{9A19103F-16F7-4668-BE54-9A1E7A4F7556}") = "Ecommerce.Products.Api", "Ecommerce.Products.Api\Ecommerce.Products.Api.csproj", "{C44F58C1-EA05-4D43-BF3F-76FC3F3EF8BF}"
EndProject
Project("{9A19103F-16F7-4668-BE54-9A1E7A4F7556}") = "Ecommerce", "Ecommerce\Ecommerce.csproj", "{5B24684A-942B-4100-A83E-4CA2A3649093}"
EndProject
Project("{9A19103F-16F7-4668-BE54-9A1E7A4F7556}") = "Ecommerce.Products.Handlers", "Ecommerce.Products.Handlers\Ecommerce.Products.Handlers.csproj", "{96DC5D3C-761F-4C6C-B3EE-A22434174862}"
EndProject
Project("{2150E333-8FDC-42A3-9474-1A3956D46DE8}") = "Interfaces", "Interfaces", "{9EE8FCC3-E669-4EA5-B8EE-84ACF07CB367}"
EndProject
Project("{2150E333-8FDC-42A3-9474-1A3956D46DE8}") = "Admin", "Admin", "{8E227002-6D35-4DF3-860B-11D498316DB4}"
EndProject
Project("{FAE04EC0-301F-11D3-BF4B-00C04F79EFBC}") = "Ecommcerce.Web.Admin", "Ecommcerce.Web.Admin\Ecommcerce.Web.Admin.csproj", "{A42A8064-0B88-4AE1-B83E-0F2FB01AF07F}"
EndProject
Project("{FAE04EC0-301F-11D3-BF4B-00C04F79EFBC}") = "Ecommcerce.Web.Admin.Store", "Ecommcerce.Web.Admin.Store\Ecommcerce.Web.Admin.Store.csproj", "{F9E0FEC5-93F6-4B0C-8924-B2043F1983B5}"
EndProject
Global
	GlobalSection(SolutionConfigurationPlatforms) = preSolution
		Debug|Any CPU = Debug|Any CPU
		Release|Any CPU = Release|Any CPU
	EndGlobalSection
	GlobalSection(ProjectConfigurationPlatforms) = postSolution
		{CD6381FE-9E00-4749-9306-8113FB746390}.Debug|Any CPU.ActiveCfg = Debug|Any CPU
		{CD6381FE-9E00-4749-9306-8113FB746390}.Debug|Any CPU.Build.0 = Debug|Any CPU
		{CD6381FE-9E00-4749-9306-8113FB746390}.Release|Any CPU.ActiveCfg = Release|Any CPU
		{CD6381FE-9E00-4749-9306-8113FB746390}.Release|Any CPU.Build.0 = Release|Any CPU
		{0ECAEE10-4E9C-47AC-BCBD-B181458A4FDC}.Debug|Any CPU.ActiveCfg = Debug|Any CPU
		{0ECAEE10-4E9C-47AC-BCBD-B181458A4FDC}.Debug|Any CPU.Build.0 = Debug|Any CPU
		{0ECAEE10-4E9C-47AC-BCBD-B181458A4FDC}.Release|Any CPU.ActiveCfg = Release|Any CPU
		{0ECAEE10-4E9C-47AC-BCBD-B181458A4FDC}.Release|Any CPU.Build.0 = Release|Any CPU
		{C44F58C1-EA05-4D43-BF3F-76FC3F3EF8BF}.Debug|Any CPU.ActiveCfg = Debug|Any CPU
		{C44F58C1-EA05-4D43-BF3F-76FC3F3EF8BF}.Debug|Any CPU.Build.0 = Debug|Any CPU
		{C44F58C1-EA05-4D43-BF3F-76FC3F3EF8BF}.Release|Any CPU.ActiveCfg = Release|Any CPU
		{C44F58C1-EA05-4D43-BF3F-76FC3F3EF8BF}.Release|Any CPU.Build.0 = Release|Any CPU
		{5B24684A-942B-4100-A83E-4CA2A3649093}.Debug|Any CPU.ActiveCfg = Debug|Any CPU
		{5B24684A-942B-4100-A83E-4CA2A3649093}.Debug|Any CPU.Build.0 = Debug|Any CPU
		{5B24684A-942B-4100-A83E-4CA2A3649093}.Release|Any CPU.ActiveCfg = Release|Any CPU
		{5B24684A-942B-4100-A83E-4CA2A3649093}.Release|Any CPU.Build.0 = Release|Any CPU
		{96DC5D3C-761F-4C6C-B3EE-A22434174862}.Debug|Any CPU.ActiveCfg = Debug|Any CPU
		{96DC5D3C-761F-4C6C-B3EE-A22434174862}.Debug|Any CPU.Build.0 = Debug|Any CPU
		{96DC5D3C-761F-4C6C-B3EE-A22434174862}.Release|Any CPU.ActiveCfg = Release|Any CPU
		{96DC5D3C-761F-4C6C-B3EE-A22434174862}.Release|Any CPU.Build.0 = Release|Any CPU
		{A42A8064-0B88-4AE1-B83E-0F2FB01AF07F}.Debug|Any CPU.ActiveCfg = Debug|Any CPU
		{A42A8064-0B88-4AE1-B83E-0F2FB01AF07F}.Debug|Any CPU.Build.0 = Debug|Any CPU
		{A42A8064-0B88-4AE1-B83E-0F2FB01AF07F}.Release|Any CPU.ActiveCfg = Release|Any CPU
		{A42A8064-0B88-4AE1-B83E-0F2FB01AF07F}.Release|Any CPU.Build.0 = Release|Any CPU
		{F9E0FEC5-93F6-4B0C-8924-B2043F1983B5}.Debug|Any CPU.ActiveCfg = Debug|Any CPU
		{F9E0FEC5-93F6-4B0C-8924-B2043F1983B5}.Debug|Any CPU.Build.0 = Debug|Any CPU
		{F9E0FEC5-93F6-4B0C-8924-B2043F1983B5}.Release|Any CPU.ActiveCfg = Release|Any CPU
		{F9E0FEC5-93F6-4B0C-8924-B2043F1983B5}.Release|Any CPU.Build.0 = Release|Any CPU
	EndGlobalSection
	GlobalSection(SolutionProperties) = preSolution
		HideSolutionNode = FALSE
	EndGlobalSection
	GlobalSection(NestedProjects) = preSolution
		{CD6381FE-9E00-4749-9306-8113FB746390} = {057DEA9E-3297-4336-A809-548BA0867007}
		{0ECAEE10-4E9C-47AC-BCBD-B181458A4FDC} = {057DEA9E-3297-4336-A809-548BA0867007}
		{C44F58C1-EA05-4D43-BF3F-76FC3F3EF8BF} = {057DEA9E-3297-4336-A809-548BA0867007}
		{96DC5D3C-761F-4C6C-B3EE-A22434174862} = {057DEA9E-3297-4336-A809-548BA0867007}
		{8E227002-6D35-4DF3-860B-11D498316DB4} = {9EE8FCC3-E669-4EA5-B8EE-84ACF07CB367}
		{A42A8064-0B88-4AE1-B83E-0F2FB01AF07F} = {8E227002-6D35-4DF3-860B-11D498316DB4}
		{F9E0FEC5-93F6-4B0C-8924-B2043F1983B5} = {8E227002-6D35-4DF3-860B-11D498316DB4}
	EndGlobalSection
	GlobalSection(ExtensibilityGlobals) = postSolution
		SolutionGuid = {F5DFBF74-34E7-4FE5-BE3F-7B8AAAE08791}
	EndGlobalSection
EndGlobal
